{
  "name": "decode-auth-plugin",
  "version": "1.0.0",
  "lockfileVersion": 1,
  "requires": true,
  "dependencies": {
    "atob": {
      "version": "2.1.2",
      "resolved": "https://registry.npmjs.org/atob/-/atob-2.1.2.tgz",
      "integrity": "sha512-Wm6ukoaOGJi/73p/cl2GvLjTI5JM1k/O14isD73YML8StrH/7/lRFgmg8nICZgD3bZZvjwCGxtMOD3wWNAu8cg=="
    },
    "btoa": {
      "version": "1.2.1",
      "resolved": "https://registry.npmjs.org/btoa/-/btoa-1.2.1.tgz",
      "integrity": "sha512-SB4/MIGlsiVkMcHmT+pSmIPoNDoHg+7cMzmt3Uxt628MTz2487DKSqK/fuhFBrkuqrYv5UCEnACpF4dTFNKc/g=="
    },
    "crypto-js": {
      "version": "3.1.9-1",
      "resolved": "https://registry.npmjs.org/crypto-js/-/crypto-js-3.1.9-1.tgz",
      "integrity": "sha1-/aGedh/Ad+Af+/3G6f38WeiAbNg="
    },
    "simple-crypto-js": {
      "version": "2.2.0",
      "resolved": "https://registry.npmjs.org/simple-crypto-js/-/simple-crypto-js-2.2.0.tgz",
      "integrity": "sha512-noEQl72TKmQCc46mKO1dg5jB0/M5caFckDreku68Wv6MXb/aue0I/P7RfNLWYqN/aHQjTolZB1w5AM84dIlkMw==",
      "requires": {
        "crypto-js": "^3.1.9-1"
      }
    }
  }
}
